
Microsoft Visual Studio Solution File, Format Version 12.00
# Visual Studio Version 17
VisualStudioVersion = 17.0.32112.339
MinimumVisualStudioVersion = 10.0.40219.1
Project("{FAE04EC0-301F-11D3-BF4B-00C04F79EFBC}") = "CabInvoiceGenerator", "CabInvoiceGenerator\CabInvoiceGenerator.csproj", "{A6D27C62-13C6-4006-B164-18DD97B378A7}"
EndProject
Project("{FAE04EC0-301F-11D3-BF4B-00C04F79EFBC}") = "CabInvoiceGeneratorTest", "CabInvoiceGeneratorTest\CabInvoiceGeneratorTest.csproj", "{3E8CE21D-3AD7-4201-B3AA-969D804B35DE}"
EndProject
Project("{FAE04EC0-301F-11D3-BF4B-00C04F79EFBC}") = "InvoiceTests", "InvoiceTests\InvoiceTests.csproj", "{038CE9AF-31CC-4A89-A520-128419160B38}"
EndProject
Global
	GlobalSection(SolutionConfigurationPlatforms) = preSolution
		Debug|Any CPU = Debug|Any CPU
		Release|Any CPU = Release|Any CPU
	EndGlobalSection
	GlobalSection(ProjectConfigurationPlatforms) = postSolution
		{A6D27C62-13C6-4006-B164-18DD97B378A7}.Debug|Any CPU.ActiveCfg = Debug|Any CPU
		{A6D27C62-13C6-4006-B164-18DD97B378A7}.Debug|Any CPU.Build.0 = Debug|Any CPU
		{A6D27C62-13C6-4006-B164-18DD97B378A7}.Release|Any CPU.ActiveCfg = Release|Any CPU
		{A6D27C62-13C6-4006-B164-18DD97B378A7}.Release|Any CPU.Build.0 = Release|Any CPU
		{3E8CE21D-3AD7-4201-B3AA-969D804B35DE}.Debug|Any CPU.ActiveCfg = Debug|Any CPU
		{3E8CE21D-3AD7-4201-B3AA-969D804B35DE}.Debug|Any CPU.Build.0 = Debug|Any CPU
		{3E8CE21D-3AD7-4201-B3AA-969D804B35DE}.Release|Any CPU.ActiveCfg = Release|Any CPU
		{3E8CE21D-3AD7-4201-B3AA-969D804B35DE}.Release|Any CPU.Build.0 = Release|Any CPU
		{038CE9AF-31CC-4A89-A520-128419160B38}.Debug|Any CPU.ActiveCfg = Debug|Any CPU
		{038CE9AF-31CC-4A89-A520-128419160B38}.Debug|Any CPU.Build.0 = Debug|Any CPU
		{038CE9AF-31CC-4A89-A520-128419160B38}.Release|Any CPU.ActiveCfg = Release|Any CPU
		{038CE9AF-31CC-4A89-A520-128419160B38}.Release|Any CPU.Build.0 = Release|Any CPU
	EndGlobalSection
	GlobalSection(SolutionProperties) = preSolution
		HideSolutionNode = FALSE
	EndGlobalSection
	GlobalSection(ExtensibilityGlobals) = postSolution
		SolutionGuid = {3A8931C8-07C4-4CFB-811A-D693B2B740BC}
	EndGlobalSection
EndGlobal
